
Microsoft Visual Studio Solution File, Format Version 12.00
# Visual Studio Version 16
VisualStudioVersion = 16.0.30907.101
MinimumVisualStudioVersion = 10.0.40219.1
Project("{FAE04EC0-301F-11D3-BF4B-00C04F79EFBC}") = "Show4AllV3", "Show4AllV3\Show4AllV3.csproj", "{9BB5B904-BDAB-427A-946E-928F725DECA4}"
EndProject
Global
	GlobalSection(SolutionConfigurationPlatforms) = preSolution
		Debug|Any CPU = Debug|Any CPU
		Release|Any CPU = Release|Any CPU
	EndGlobalSection
	GlobalSection(ProjectConfigurationPlatforms) = postSolution
		{9BB5B904-BDAB-427A-946E-928F725DECA4}.Debug|Any CPU.ActiveCfg = Debug|Any CPU
		{9BB5B904-BDAB-427A-946E-928F725DECA4}.Debug|Any CPU.Build.0 = Debug|Any CPU
		{9BB5B904-BDAB-427A-946E-928F725DECA4}.Release|Any CPU.ActiveCfg = Release|Any CPU
		{9BB5B904-BDAB-427A-946E-928F725DECA4}.Release|Any CPU.Build.0 = Release|Any CPU
	EndGlobalSection
	GlobalSection(SolutionProperties) = preSolution
		HideSolutionNode = FALSE
	EndGlobalSection
	GlobalSection(ExtensibilityGlobals) = postSolution
		SolutionGuid = {2CA66830-ACEF-4B17-8D50-60A18744418A}
	EndGlobalSection
EndGlobal
